# Generated by conda-lock.
# platform: linux-64
# input_hash: cde65d347fa21cea5f33445ba09ba541460ec1572b8fbed911fab9dabca45fe0
@EXPLICIT
https://repo.anaconda.cloud/repo/main/linux-64/_libgcc_mutex-0.1-main.conda#c3473ff8bdb3d124ed5ff11ec380d6f9
https://repo.anaconda.cloud/repo/main/linux-64/ca-certificates-2023.08.22-h06a4308_0.conda#243d5065a09a3e85ab888c05f5b6445a
https://repo.anaconda.cloud/repo/main/linux-64/ld_impl_linux-64-2.38-h1181459_1.conda#68eedfd9c06f2b0e6888d8db345b7f5b
https://repo.anaconda.cloud/repo/main/noarch/tzdata-2023c-h04d1e81_0.conda#29db02adf8808f7c64642cead3e28acd
https://repo.anaconda.cloud/repo/main/linux-64/libgomp-11.2.0-h1234567_1.conda#b372c0eea9b60732fdae4b817a63c8cd
https://repo.anaconda.cloud/repo/main/linux-64/libstdcxx-ng-11.2.0-h1234567_1.conda#57623d10a70e09e1d048c2b2b6f4e2dd
https://repo.anaconda.cloud/repo/main/linux-64/_openmp_mutex-5.1-1_gnu.conda#71d281e9c2192cb3fa425655a8defb85
https://repo.anaconda.cloud/repo/main/linux-64/libgcc-ng-11.2.0-h1234567_1.conda#a87728dabf3151fb9cfa990bd2eb0464
https://repo.anaconda.cloud/repo/main/linux-64/bzip2-1.0.8-h7b6447c_0.conda#9303f4af7c004e069bae22bde8d800ee
https://repo.anaconda.cloud/repo/main/linux-64/expat-2.5.0-h6a678d5_0.conda#9a21d99d49a0a556cf9590430dec8ec0
https://repo.anaconda.cloud/repo/main/linux-64/icu-73.1-h6a678d5_0.conda#6d09df641fc23f7d277a04dc7ea32dd4
https://repo.anaconda.cloud/repo/main/linux-64/libffi-3.4.4-h6a678d5_0.conda#06e288f9250abef59b9a367d151fc339
https://repo.anaconda.cloud/repo/main/linux-64/liblief-0.12.3-h6a678d5_0.conda#9996383fc2561614e4d54490aea33f8e
https://repo.anaconda.cloud/repo/main/linux-64/libuuid-1.41.5-h5eee18b_0.conda#4a6a2354414c9080327274aa514e5299
https://repo.anaconda.cloud/repo/main/linux-64/lz4-c-1.9.4-h6a678d5_0.conda#53915e9402180a7f22ea619c41089520
https://repo.anaconda.cloud/repo/main/linux-64/ncurses-6.4-h6a678d5_0.conda#5558eec6e2191741a92f832ea826251c
https://repo.anaconda.cloud/repo/main/linux-64/openssl-3.0.11-h7f8727e_2.conda#6cad6f2dcde73f8625d729c6db1272d0
https://repo.anaconda.cloud/repo/main/linux-64/patch-2.7.6-h7b6447c_1001.conda#5a47ace7ef08447fe6a602ff16129393
https://repo.anaconda.cloud/repo/main/linux-64/patchelf-0.17.2-h6a678d5_0.conda#63ad6ea1e47f568a1bdb5edb66734026
https://repo.anaconda.cloud/repo/main/linux-64/pcre-8.45-h295c915_0.conda#b32ccc24d1d9808618c1e898da60f68d
https://repo.anaconda.cloud/repo/main/linux-64/xz-5.4.2-h5eee18b_0.conda#bcd31de48a0dcb44bc5b99675800c5cc
https://repo.anaconda.cloud/repo/main/linux-64/yaml-0.2.5-h7b6447c_0.conda#39fdbf4db769e494ffb06d95680c83d8
https://repo.anaconda.cloud/repo/main/linux-64/zlib-1.2.13-h5eee18b_0.conda#333e31fbfbb5057c92fa845ad6adef93
https://repo.anaconda.cloud/repo/main/linux-64/glib-2.69.1-he621ea3_2.conda#51cf1899782b3f3744aedd143fbc07f3
https://repo.anaconda.cloud/repo/main/linux-64/libxml2-2.10.4-hf1b16e4_1.conda#e87849ce513f9968794f20bba620e6a4
https://repo.anaconda.cloud/repo/main/linux-64/readline-8.2-h5eee18b_0.conda#be42180685cce6e6b0329201d9f48efb
https://repo.anaconda.cloud/repo/main/linux-64/tk-8.6.12-h1ccaba5_0.conda#fa10ff4aa631fa4aa090a6234d7770b9
https://repo.anaconda.cloud/repo/main/linux-64/zstd-1.5.5-hc292b87_0.conda#0f59d57dc21f585f4c282d60dfb46505
https://repo.anaconda.cloud/repo/main/linux-64/dbus-1.13.18-hb2f20db_0.conda#6a6a6f1391f807847404344489ef6cf4
https://repo.anaconda.cloud/repo/main/linux-64/libarchive-3.6.2-h6ac8c49_2.conda#90d278b0df3a5aaf4d6db6e232d9f041
https://repo.anaconda.cloud/repo/main/linux-64/sqlite-3.41.2-h5eee18b_0.conda#c7086c9ceb6cfe1c4c729a774a2d88a5
https://repo.anaconda.cloud/repo/main/linux-64/python-3.10.13-h955ad1f_0.conda#5ff5fe4b4dd716f6f91b33b79a7e4a9e
https://repo.anaconda.cloud/repo/main/linux-64/anaconda-anon-usage-0.4.3-py310hfc0e8ea_100.conda#c243979039f8ac40cb21c707bc848482
https://repo.anaconda.cloud/repo/main/linux-64/attrs-23.1.0-py310h06a4308_0.conda#c01f08056ba4037e55fe0b66eb398970
https://repo.anaconda.cloud/repo/main/linux-64/boltons-23.0.0-py310h06a4308_0.conda#69248b87edfba6b1abba3a25e6cfd992
https://repo.anaconda.cloud/repo/main/linux-64/certifi-2023.7.22-py310h06a4308_0.conda#427651667da1c70df3bdfd551d974afa
https://repo.anaconda.cloud/repo/main/linux-64/chardet-4.0.0-py310h06a4308_1003.conda#29ec302e607a23642d21c1ae323757b9
https://repo.anaconda.cloud/repo/main/noarch/charset-normalizer-2.0.4-pyhd3eb1b0_0.conda#e7a441d94234b2b5fafee06e25dbf076
https://repo.anaconda.cloud/repo/main/linux-64/click-8.0.4-py310h06a4308_0.conda#7e03ab0e3888bccb78f9fc8ad170cdaf
https://repo.anaconda.cloud/repo/main/noarch/defusedxml-0.7.1-pyhd3eb1b0_0.conda#d912068b0729930972adcaac338882c0
https://repo.anaconda.cloud/repo/main/linux-64/distlib-0.3.6-py310h06a4308_0.conda#a25cd220171292af94fe74b0a6cfe650
https://repo.anaconda.cloud/repo/main/linux-64/editables-0.3-py310h06a4308_0.conda#0f97d697148a91c19b816f2910cba318
https://repo.anaconda.cloud/repo/main/linux-64/filelock-3.9.0-py310h06a4308_0.conda#ee117ef79a5cc24dd42067b41a171421
https://repo.anaconda.cloud/repo/main/noarch/h11-0.12.0-pyhd3eb1b0_0.conda#6180045ff3800178811af9d4c5efbd80
https://repo.anaconda.cloud/repo/main/noarch/hpack-4.0.0-py_0.conda#2cfb7b64fa12bb684bc8bfa950adc17e
https://repo.anaconda.cloud/repo/main/noarch/hyperframe-6.0.1-pyhd3eb1b0_0.conda#3efa3f8b9c36a34cc48ccb3547029689
https://repo.anaconda.cloud/repo/main/linux-64/idna-3.4-py310h06a4308_0.conda#7f4dba8f7c37983e0d56fad719c94ba3
https://repo.anaconda.cloud/repo/main/noarch/jeepney-0.7.1-pyhd3eb1b0_0.conda#f115ef0af90b59f35ef56743955979a4
https://repo.anaconda.cloud/repo/main/noarch/jsonpointer-2.1-pyhd3eb1b0_0.conda#298ff809e733cb04366e4e629c65aa8d
https://repo.anaconda.cloud/repo/main/linux-64/markupsafe-2.1.1-py310h7f8727e_0.conda#01b266ef21f9c040fef79461e4d0bd41
https://repo.anaconda.cloud/repo/main/linux-64/mdurl-0.1.0-py310h06a4308_0.conda#3f1edd5cb1c88f35898cacb0308ac709
https://repo.anaconda.cloud/repo/main/noarch/more-itertools-8.12.0-pyhd3eb1b0_0.conda#ac1210cc005fb8bd631ea8beb8343332
https://repo.anaconda.cloud/repo/main/linux-64/packaging-23.1-py310h06a4308_0.conda#b58a4c769ef76e833498756ccbd72757
https://repo.anaconda.cloud/repo/main/linux-64/pathspec-0.10.3-py310h06a4308_0.conda#801ec405b191788df01b7a49c9a5449c
https://repo.anaconda.cloud/repo/main/linux-64/pkginfo-1.9.6-py310h06a4308_0.conda#dbfdb06321633a65799fa8fb599dac10
https://repo.anaconda.cloud/repo/main/linux-64/platformdirs-2.5.2-py310h06a4308_0.conda#05febbc2c59a3cb738b705e60476d8bf
https://repo.anaconda.cloud/repo/main/linux-64/pluggy-1.0.0-py310h06a4308_1.conda#2b96380162a84640a34ede74691658db
https://repo.anaconda.cloud/repo/main/linux-64/psutil-5.9.0-py310h5eee18b_0.conda#b48c5c1b4198a08f61426140a29254fc
https://repo.anaconda.cloud/repo/main/noarch/ptyprocess-0.7.0-pyhd3eb1b0_2.conda#7441d2827d4bfbcc1fa308875a146246
https://repo.anaconda.cloud/repo/main/linux-64/py-lief-0.12.3-py310h6a678d5_0.conda#deb974cab7b8521457561e115ac21bfc
https://repo.anaconda.cloud/repo/main/linux-64/pycosat-0.6.6-py310h5eee18b_0.conda#7030d1e4e999a42c1627c16f1b7d00da
https://repo.anaconda.cloud/repo/main/noarch/pycparser-2.21-pyhd3eb1b0_0.conda#135a72ff2a31150a3a3ff0b1edd41ca9
https://repo.anaconda.cloud/repo/main/linux-64/pygments-2.15.1-py310h06a4308_1.conda#fa74688099132ad3b477dff90d2ad426
https://conda.anaconda.org/conda-forge/noarch/pyperclip-1.8.2-pyhd8ed1ab_2.tar.bz2#8d7c6507e902193f9b1e9612f0210a4b
https://repo.anaconda.cloud/repo/main/linux-64/pyrsistent-0.18.0-py310h7f8727e_0.conda#395c25d26c6da52a083e3ad9d54daf3d
https://repo.anaconda.cloud/repo/main/linux-64/pysocks-1.7.1-py310h06a4308_0.conda#b0753810caadcd4a550c833f87fb3866
https://repo.anaconda.cloud/repo/main/linux-64/python-fastjsonschema-2.16.2-py310h06a4308_0.conda#747b43bf00c8f43d747e052c8e0c6be8
https://repo.anaconda.cloud/repo/main/noarch/python-libarchive-c-2.9-pyhd3eb1b0_1.conda#4b33c603892dbf54546afc1bc0122a56
https://repo.anaconda.cloud/repo/main/linux-64/pytz-2023.3.post1-py310h06a4308_0.conda#7dc2266262aaf4d3a249c13b08fc43d4
https://repo.anaconda.cloud/repo/main/linux-64/pyyaml-6.0-py310h5eee18b_1.conda#e4d797290de5d8ef04abfe38d2d6f0ab
https://repo.anaconda.cloud/repo/main/noarch/rfc3986-1.4.0-pyhd3eb1b0_0.conda#be5667c380895da8c92483ac0c5e6d7a
https://repo.anaconda.cloud/repo/main/linux-64/ruamel.yaml.clib-0.2.6-py310h5eee18b_1.conda#49a45b52b0edcddab287912fc9cf5304
https://repo.anaconda.cloud/repo/main/linux-64/setuptools-68.0.0-py310h06a4308_0.conda#0717b3a5ea831485cad4faf3069be8dc
https://repo.anaconda.cloud/repo/main/linux-64/shellingham-1.5.0-py310h06a4308_0.conda#bc1ee3249086c74f8e57dad73557005a
https://repo.anaconda.cloud/repo/main/noarch/six-1.16.0-pyhd3eb1b0_1.conda#34586824d411d36af2fa40e799c172d0
https://repo.anaconda.cloud/repo/main/linux-64/sniffio-1.2.0-py310h06a4308_1.conda#e96512dfcf7ce766b5b5d1fffd3fb3d6
https://repo.anaconda.cloud/repo/main/linux-64/soupsieve-2.5-py310h06a4308_0.conda#3c548d3f16f4d02da970812eade65790
https://repo.anaconda.cloud/repo/main/linux-64/tomli-2.0.1-py310h06a4308_0.conda#16e032c58fc284838f0e0b42f03d5a1d
https://repo.anaconda.cloud/repo/main/noarch/tomli-w-1.0.0-pyhd3eb1b0_0.conda#cf95e059a708484fd176e031aa6218e6
https://repo.anaconda.cloud/repo/main/linux-64/tomlkit-0.11.1-py310h06a4308_0.conda#57817e6c50d597a40051c405d7dd7296
https://repo.anaconda.cloud/repo/main/linux-64/tqdm-4.65.0-py310h2f386ee_0.conda#37f2f147d26d1cc490adf72eea75f7f9
https://repo.anaconda.cloud/repo/main/linux-64/traitlets-5.7.1-py310h06a4308_0.conda#7a907e6f93750c37969651f6101a241e
https://repo.anaconda.cloud/repo/main/linux-64/trove-classifiers-2023.3.9-py310h06a4308_0.conda#41ba99eb09a6b9fe55c44ff18d70d118
https://repo.anaconda.cloud/repo/main/linux-64/truststore-0.8.0-py310h06a4308_0.conda#2ea1b21eda18b85fc82644ec459ac009
https://repo.anaconda.cloud/repo/main/linux-64/typing_extensions-4.7.1-py310h06a4308_0.conda#21dfd13f87cb819a2fddb7304909b7b6
https://repo.anaconda.cloud/repo/main/linux-64/zipp-3.11.0-py310h06a4308_0.conda#bc9f45371fbb26e473dbf18f88cbf00d
https://repo.anaconda.cloud/repo/main/linux-64/anyio-3.5.0-py310h06a4308_0.conda#fab2355c6822f8ec97a428e93f87a6c5
https://repo.anaconda.cloud/repo/main/linux-64/beautifulsoup4-4.12.2-py310h06a4308_0.conda#2eaf0928eb8d32e0b3cc119b30ee39cc
https://repo.anaconda.cloud/repo/main/linux-64/cffi-1.15.1-py310h5eee18b_3.conda#d65505a7028c5cb1d6a078fa688be2be
https://repo.anaconda.cloud/repo/main/linux-64/clyent-1.2.2-py310h06a4308_1.conda#436323fafdddec7e057bdbf2edf88621
https://repo.anaconda.cloud/repo/main/linux-64/h2-4.0.0-py310h06a4308_3.conda#d8f51862b654d2462ee2520b90a67edd
https://repo.anaconda.cloud/repo/main/linux-64/hatchling-1.18.0-py310h06a4308_0.conda#332f54a9b3450036c8475b8f19b2e362
https://repo.anaconda.cloud/repo/main/noarch/hyperlink-21.0.0-pyhd3eb1b0_0.conda#8b1ba827e0fecc1c857577a3d51aa653
https://repo.anaconda.cloud/repo/main/linux-64/importlib-metadata-6.0.0-py310h06a4308_0.conda#20d9c2f775654fc3ccab00311209de61
https://repo.anaconda.cloud/repo/main/noarch/jaraco.classes-3.2.1-pyhd3eb1b0_0.conda#7f47c66b55e92b2724174847703df72f
https://repo.anaconda.cloud/repo/main/linux-64/jinja2-3.1.2-py310h06a4308_0.conda#f22cc11648fc31b2cebaafed2dd8d5ec
https://repo.anaconda.cloud/repo/main/noarch/jsonpatch-1.32-pyhd3eb1b0_0.conda#ce3c2233a0823c4c25aba6843b05d19d
https://repo.anaconda.cloud/repo/main/linux-64/jsonschema-4.17.3-py310h06a4308_0.conda#b8c006211bbcd6db1f8b85c6fd1b9c6a
https://repo.anaconda.cloud/repo/main/linux-64/jupyter_core-5.3.0-py310h06a4308_0.conda#9ae8cdc1c461a41d192bcac8b9704013
https://repo.anaconda.cloud/repo/main/linux-64/markdown-it-py-2.2.0-py310h06a4308_1.conda#566428b810cf9c5aaf47636a49fd42b8
https://repo.anaconda.cloud/repo/main/noarch/pexpect-4.8.0-pyhd3eb1b0_3.conda#765b2562d6cdd14bb6d44fc170a04331
https://repo.anaconda.cloud/repo/main/noarch/python-dateutil-2.8.2-pyhd3eb1b0_0.conda#211ee00320b08a1ac9fea6677649f6c9
https://repo.anaconda.cloud/repo/main/linux-64/ruamel.yaml-0.17.21-py310h5eee18b_0.conda#0a54e321078e043b72b6f68d10472b62
https://repo.anaconda.cloud/repo/main/linux-64/typing-extensions-4.7.1-py310h06a4308_0.conda#175b66cc71ccf09d12a592cf7b7aa644
https://conda.anaconda.org/conda-forge/noarch/userpath-1.7.0-pyhd8ed1ab_0.tar.bz2#5bf074c9253a3bf914becfc50757406f
https://repo.anaconda.cloud/repo/main/linux-64/virtualenv-20.17.1-py310h06a4308_0.conda#3cf857b1b9821eb988b9f4ed6d41f7ad
https://repo.anaconda.cloud/repo/main/linux-64/brotlipy-0.7.0-py310h7f8727e_1002.conda#a8dfa5aefcc49d5e78000b16d2b7714e
https://repo.anaconda.cloud/repo/main/linux-64/cryptography-41.0.3-py310hdda0065_0.conda#131e70e5d2c2e70438f8a751c0bae3c4
https://repo.anaconda.cloud/repo/main/linux-64/httpcore-0.15.0-py310h06a4308_0.conda#e39612f2367542f497aa77699dea191a
https://repo.anaconda.cloud/repo/main/noarch/importlib_metadata-6.0.0-hd3eb1b0_0.conda#0af8f090f7e0090aa5f92dd9d537c09d
https://repo.anaconda.cloud/repo/main/linux-64/nbformat-5.9.2-py310h06a4308_0.conda#512706d0dfb22a2bafc2131bca01f6e8
https://repo.anaconda.cloud/repo/main/linux-64/rich-13.3.5-py310h06a4308_0.conda#f3e5833e1225e45ca1da25e9b94f71a5
https://repo.anaconda.cloud/repo/main/linux-64/setuptools-scm-7.1.0-py310h06a4308_0.conda#8e37a27db0caa58782cdc6f1594cf5c3
https://repo.anaconda.cloud/repo/main/linux-64/zstandard-0.19.0-py310h5eee18b_0.conda#91ffd92050e57ada4c065435845010c2
https://repo.anaconda.cloud/repo/main/linux-64/conda-package-streaming-0.9.0-py310h06a4308_0.conda#39fbf5022a1141c1ee39aa4e9985d186
https://repo.anaconda.cloud/repo/main/linux-64/hatch-vcs-0.3.0-py310h06a4308_0.conda#48ed01287f91a0b74c31095c58285918
https://repo.anaconda.cloud/repo/main/linux-64/httpx-0.23.0-py310h06a4308_0.conda#287341c3322e7c56000dd442160be0e4
https://repo.anaconda.cloud/repo/main/linux-64/pyopenssl-23.2.0-py310h06a4308_0.conda#0635167b62d52a894b72635739e5c7bc
https://repo.anaconda.cloud/repo/main/linux-64/secretstorage-3.3.1-py310h06a4308_1.conda#c2180530067e077ecaff4d488fa3e0dc
https://repo.anaconda.cloud/repo/main/linux-64/conda-package-handling-2.2.0-py310h06a4308_0.conda#bd6e36c3f20ec3ffb96350769933903c
https://repo.anaconda.cloud/repo/main/linux-64/keyring-23.13.1-py310h06a4308_0.conda#b1e68f8918371fbb74af7547af65719c
https://repo.anaconda.cloud/repo/main/linux-64/urllib3-1.26.16-py310h06a4308_0.conda#697436a05c160cbc08a61e12bc4ef1ff
https://conda.anaconda.org/conda-forge/noarch/hatch-1.7.0-pyhd8ed1ab_0.conda#de0b68b926ae2f69c7afd13bdcd7b2b1
https://repo.anaconda.cloud/repo/main/linux-64/requests-2.31.0-py310h06a4308_0.conda#81e8293939370975e4887b12336e1b89
https://repo.anaconda.cloud/repo/main/linux-64/conda-23.9.0-py310h06a4308_0.conda#8b95490473a049bf43bf377c5410fcb2
https://repo.anaconda.cloud/repo/main/linux-64/requests-toolbelt-1.0.0-py310h06a4308_0.conda#6b22af4315da9735f14d572a37886c09
https://repo.anaconda.cloud/repo/main/linux-64/anaconda-client-1.12.1-py310h06a4308_0.conda#21cfbbfbf313f8949e48ba84526096a8
https://repo.anaconda.cloud/repo/main/linux-64/conda-index-0.3.0-py310h06a4308_0.conda#3f7e6c28c088c0c32286a64f19190547
https://repo.anaconda.cloud/repo/main/linux-64/conda-build-3.27.0-py310h06a4308_0.conda#350f55d611e215c8f0266e9e9fd75cd5
